
Microsoft Visual Studio Solution File, Format Version 12.00
# Visual Studio Version 17
VisualStudioVersion = 17.3.32819.101
MinimumVisualStudioVersion = 10.0.40219.1
Project("{FAE04EC0-301F-11D3-BF4B-00C04F79EFBC}") = "Kontroltoo_Mang", "Kontroltoo_Mang\Kontroltoo_Mang.csproj", "{7587454D-8012-4A27-8010-3FD371ED75EF}"
EndProject
Global
	GlobalSection(SolutionConfigurationPlatforms) = preSolution
		Debug|Any CPU = Debug|Any CPU
		Release|Any CPU = Release|Any CPU
	EndGlobalSection
	GlobalSection(ProjectConfigurationPlatforms) = postSolution
		{7587454D-8012-4A27-8010-3FD371ED75EF}.Debug|Any CPU.ActiveCfg = Debug|Any CPU
		{7587454D-8012-4A27-8010-3FD371ED75EF}.Debug|Any CPU.Build.0 = Debug|Any CPU
		{7587454D-8012-4A27-8010-3FD371ED75EF}.Release|Any CPU.ActiveCfg = Release|Any CPU
		{7587454D-8012-4A27-8010-3FD371ED75EF}.Release|Any CPU.Build.0 = Release|Any CPU
	EndGlobalSection
	GlobalSection(SolutionProperties) = preSolution
		HideSolutionNode = FALSE
	EndGlobalSection
	GlobalSection(ExtensibilityGlobals) = postSolution
		SolutionGuid = {DF83AE47-24F5-4173-B04C-DCDD82856B53}
	EndGlobalSection
EndGlobal
